
Microsoft Visual Studio Solution File, Format Version 12.00
# Visual Studio Version 17
VisualStudioVersion = 17.3.32819.101
MinimumVisualStudioVersion = 10.0.40219.1
Project("{8BC9CEB8-8B4A-11D0-8D11-00A0C91BC942}") = "MSDetoursHideFile", "MSDetoursHideFile\MSDetoursHideFile.vcxproj", "{0B2BD237-1C1B-47A8-A5B9-E545E36E1048}"
EndProject
Global
	GlobalSection(SolutionConfigurationPlatforms) = preSolution
		Debug|x64 = Debug|x64
		Debug|x86 = Debug|x86
		Release|x64 = Release|x64
		Release|x86 = Release|x86
	EndGlobalSection
	GlobalSection(ProjectConfigurationPlatforms) = postSolution
		{0B2BD237-1C1B-47A8-A5B9-E545E36E1048}.Debug|x64.ActiveCfg = Debug|x64
		{0B2BD237-1C1B-47A8-A5B9-E545E36E1048}.Debug|x64.Build.0 = Debug|x64
		{0B2BD237-1C1B-47A8-A5B9-E545E36E1048}.Debug|x86.ActiveCfg = Debug|Win32
		{0B2BD237-1C1B-47A8-A5B9-E545E36E1048}.Debug|x86.Build.0 = Debug|Win32
		{0B2BD237-1C1B-47A8-A5B9-E545E36E1048}.Release|x64.ActiveCfg = Release|x64
		{0B2BD237-1C1B-47A8-A5B9-E545E36E1048}.Release|x64.Build.0 = Release|x64
		{0B2BD237-1C1B-47A8-A5B9-E545E36E1048}.Release|x86.ActiveCfg = Release|Win32
		{0B2BD237-1C1B-47A8-A5B9-E545E36E1048}.Release|x86.Build.0 = Release|Win32
	EndGlobalSection
	GlobalSection(SolutionProperties) = preSolution
		HideSolutionNode = FALSE
	EndGlobalSection
	GlobalSection(ExtensibilityGlobals) = postSolution
		SolutionGuid = {7BBD21A7-360A-47EE-ADB7-FC3225876569}
	EndGlobalSection
EndGlobal
